
Microsoft Visual Studio Solution File, Format Version 12.00
# Visual Studio Version 17
VisualStudioVersion = 17.7.33711.374
MinimumVisualStudioVersion = 10.0.40219.1
Project("{8BC9CEB8-8B4A-11D0-8D11-00A0C91BC942}") = "bitwise", "bitwise.vcxproj", "{8DDC7BAD-FBEA-4C01-875F-D97750E0A5DB}"
EndProject
Global
	GlobalSection(SolutionConfigurationPlatforms) = preSolution
		Debug|ARM64 = Debug|ARM64
		Debug|x64 = Debug|x64
		Debug|x86 = Debug|x86
		Release|ARM64 = Release|ARM64
		Release|x64 = Release|x64
		Release|x86 = Release|x86
	EndGlobalSection
	GlobalSection(ProjectConfigurationPlatforms) = postSolution
		{8DDC7BAD-FBEA-4C01-875F-D97750E0A5DB}.Debug|ARM64.ActiveCfg = Debug|ARM64
		{8DDC7BAD-FBEA-4C01-875F-D97750E0A5DB}.Debug|ARM64.Build.0 = Debug|ARM64
		{8DDC7BAD-FBEA-4C01-875F-D97750E0A5DB}.Debug|x64.ActiveCfg = Debug|x64
		{8DDC7BAD-FBEA-4C01-875F-D97750E0A5DB}.Debug|x64.Build.0 = Debug|x64
		{8DDC7BAD-FBEA-4C01-875F-D97750E0A5DB}.Debug|x86.ActiveCfg = Debug|Win32
		{8DDC7BAD-FBEA-4C01-875F-D97750E0A5DB}.Debug|x86.Build.0 = Debug|Win32
		{8DDC7BAD-FBEA-4C01-875F-D97750E0A5DB}.Release|ARM64.ActiveCfg = Release|ARM64
		{8DDC7BAD-FBEA-4C01-875F-D97750E0A5DB}.Release|ARM64.Build.0 = Release|ARM64
		{8DDC7BAD-FBEA-4C01-875F-D97750E0A5DB}.Release|x64.ActiveCfg = Release|x64
		{8DDC7BAD-FBEA-4C01-875F-D97750E0A5DB}.Release|x64.Build.0 = Release|x64
		{8DDC7BAD-FBEA-4C01-875F-D97750E0A5DB}.Release|x86.ActiveCfg = Release|Win32
		{8DDC7BAD-FBEA-4C01-875F-D97750E0A5DB}.Release|x86.Build.0 = Release|Win32
	EndGlobalSection
	GlobalSection(SolutionProperties) = preSolution
		HideSolutionNode = FALSE
	EndGlobalSection
	GlobalSection(ExtensibilityGlobals) = postSolution
		SolutionGuid = {56B955CA-1788-4A00-9B1C-31D93EC8CE06}
	EndGlobalSection
EndGlobal
