
Microsoft Visual Studio Solution File, Format Version 12.00
# Visual Studio Version 17
VisualStudioVersion = 17.7.34031.279
MinimumVisualStudioVersion = 10.0.40219.1
Project("{8BC9CEB8-8B4A-11D0-8D11-00A0C91BC942}") = "GLFWOpenGL", "GLFWOpenGL.vcxproj", "{70697368-6404-4BB4-813F-868B629E782D}"
EndProject
Global
	GlobalSection(SolutionConfigurationPlatforms) = preSolution
		Debug|x64 = Debug|x64
		Debug|x86 = Debug|x86
		Release|x64 = Release|x64
		Release|x86 = Release|x86
	EndGlobalSection
	GlobalSection(ProjectConfigurationPlatforms) = postSolution
		{70697368-6404-4BB4-813F-868B629E782D}.Debug|x64.ActiveCfg = Debug|x64
		{70697368-6404-4BB4-813F-868B629E782D}.Debug|x64.Build.0 = Debug|x64
		{70697368-6404-4BB4-813F-868B629E782D}.Debug|x86.ActiveCfg = Debug|Win32
		{70697368-6404-4BB4-813F-868B629E782D}.Debug|x86.Build.0 = Debug|Win32
		{70697368-6404-4BB4-813F-868B629E782D}.Release|x64.ActiveCfg = Release|x64
		{70697368-6404-4BB4-813F-868B629E782D}.Release|x64.Build.0 = Release|x64
		{70697368-6404-4BB4-813F-868B629E782D}.Release|x86.ActiveCfg = Release|Win32
		{70697368-6404-4BB4-813F-868B629E782D}.Release|x86.Build.0 = Release|Win32
	EndGlobalSection
	GlobalSection(SolutionProperties) = preSolution
		HideSolutionNode = FALSE
	EndGlobalSection
	GlobalSection(ExtensibilityGlobals) = postSolution
		SolutionGuid = {C3F8E6C6-1ACB-4228-96FD-B43414486EA6}
	EndGlobalSection
EndGlobal
